
Microsoft Visual Studio Solution File, Format Version 12.00
# Visual Studio Version 17
VisualStudioVersion = 17.8.34322.80
MinimumVisualStudioVersion = 10.0.40219.1
Project("{FAE04EC0-301F-11D3-BF4B-00C04F79EFBC}") = "demirbasREMASTERED", "demirbasREMASTERED\demirbasREMASTERED.csproj", "{AB701856-86A5-4D73-88F3-FC56872EEE79}"
EndProject
Global
	GlobalSection(SolutionConfigurationPlatforms) = preSolution
		Debug|Any CPU = Debug|Any CPU
		Release|Any CPU = Release|Any CPU
	EndGlobalSection
	GlobalSection(ProjectConfigurationPlatforms) = postSolution
		{AB701856-86A5-4D73-88F3-FC56872EEE79}.Debug|Any CPU.ActiveCfg = Debug|Any CPU
		{AB701856-86A5-4D73-88F3-FC56872EEE79}.Debug|Any CPU.Build.0 = Debug|Any CPU
		{AB701856-86A5-4D73-88F3-FC56872EEE79}.Release|Any CPU.ActiveCfg = Release|Any CPU
		{AB701856-86A5-4D73-88F3-FC56872EEE79}.Release|Any CPU.Build.0 = Release|Any CPU
	EndGlobalSection
	GlobalSection(SolutionProperties) = preSolution
		HideSolutionNode = FALSE
	EndGlobalSection
	GlobalSection(ExtensibilityGlobals) = postSolution
		SolutionGuid = {A70B39D1-C5CF-4111-B5A4-AA126F210464}
	EndGlobalSection
EndGlobal
